
Microsoft Visual Studio Solution File, Format Version 12.00
# Visual Studio 15
VisualStudioVersion = 15.0.28307.102
MinimumVisualStudioVersion = 10.0.40219.1
Project("{FAE04EC0-301F-11D3-BF4B-00C04F79EFBC}") = "Engine", "Engine.csproj", "{3E7DD28E-4967-49A9-92C3-535E9C24182B}"
EndProject
Project("{FAE04EC0-301F-11D3-BF4B-00C04F79EFBC}") = "SuperAdventure", "..\..\Documents\SuperAdventure\SuperAdventure\SuperAdventure.csproj", "{B3E25F8E-1F5C-416D-A5B3-8D488FDC30C1}"
EndProject
Global
	GlobalSection(SolutionConfigurationPlatforms) = preSolution
		Debug|Any CPU = Debug|Any CPU
		Release|Any CPU = Release|Any CPU
	EndGlobalSection
	GlobalSection(ProjectConfigurationPlatforms) = postSolution
		{3E7DD28E-4967-49A9-92C3-535E9C24182B}.Debug|Any CPU.ActiveCfg = Debug|Any CPU
		{3E7DD28E-4967-49A9-92C3-535E9C24182B}.Debug|Any CPU.Build.0 = Debug|Any CPU
		{3E7DD28E-4967-49A9-92C3-535E9C24182B}.Release|Any CPU.ActiveCfg = Release|Any CPU
		{3E7DD28E-4967-49A9-92C3-535E9C24182B}.Release|Any CPU.Build.0 = Release|Any CPU
		{B3E25F8E-1F5C-416D-A5B3-8D488FDC30C1}.Debug|Any CPU.ActiveCfg = Debug|Any CPU
		{B3E25F8E-1F5C-416D-A5B3-8D488FDC30C1}.Debug|Any CPU.Build.0 = Debug|Any CPU
		{B3E25F8E-1F5C-416D-A5B3-8D488FDC30C1}.Release|Any CPU.ActiveCfg = Release|Any CPU
		{B3E25F8E-1F5C-416D-A5B3-8D488FDC30C1}.Release|Any CPU.Build.0 = Release|Any CPU
	EndGlobalSection
	GlobalSection(SolutionProperties) = preSolution
		HideSolutionNode = FALSE
	EndGlobalSection
	GlobalSection(ExtensibilityGlobals) = postSolution
		SolutionGuid = {B09BD265-E414-4527-9195-D595C3C7E4D9}
	EndGlobalSection
EndGlobal
